
Microsoft Visual Studio Solution File, Format Version 10.00
# Visual Web Developer Express 2008
Project("{E24C65DC-7377-472B-9ABA-BC803B73C61A}") = "proyecto", ".", "{A7D9703B-C283-4CFA-91E3-D49C2F42A254}"
	ProjectSection(WebsiteProperties) = preProject
		TargetFramework = "3.5"
		Debug.AspNetCompiler.Debug = "True"
		Release.AspNetCompiler.Debug = "False"
		VWDPort = "60800"
		VWDVirtualPath = "/intelimedia_imdoc"
	EndProjectSection
EndProject
Global
	GlobalSection(SolutionConfigurationPlatforms) = preSolution
		Debug|Any CPU = Debug|Any CPU
	EndGlobalSection
	GlobalSection(ProjectConfigurationPlatforms) = postSolution
		{A7D9703B-C283-4CFA-91E3-D49C2F42A254}.Debug|Any CPU.ActiveCfg = Debug|Any CPU
		{A7D9703B-C283-4CFA-91E3-D49C2F42A254}.Debug|Any CPU.Build.0 = Debug|Any CPU
	EndGlobalSection
	GlobalSection(SolutionProperties) = preSolution
		HideSolutionNode = FALSE
	EndGlobalSection
EndGlobal
